{
	"name": "@the-control-group/ui",
	"version": "1.10.5",
	"lockfileVersion": 2,
	"requires": true,
	"packages": {
		"": {
			"name": "@the-control-group/ui",
			"version": "1.10.5",
			"license": "UNLICENSED",
			"peerDependencies": {
				"classnames": ">=2",
				"react": ">=16",
				"react-dom": ">=16"
			}
		}
	}
}
